
Microsoft Visual Studio Solution File, Format Version 12.00
# Visual Studio 14
VisualStudioVersion = 14.0.25420.1
MinimumVisualStudioVersion = 10.0.40219.1
Project("{FAE04EC0-301F-11D3-BF4B-00C04F79EFBC}") = "3DNUS Material Edition", "3DNUS Material Edition\3DNUS Material Edition.csproj", "{86EA0C30-AC5D-4955-9C6A-7304D5066F1C}"
EndProject
Global
	GlobalSection(SolutionConfigurationPlatforms) = preSolution
		Debug|Any CPU = Debug|Any CPU
		Debug|x64 = Debug|x64
		Debug|x86 = Debug|x86
		Release|Any CPU = Release|Any CPU
		Release|x64 = Release|x64
		Release|x86 = Release|x86
	EndGlobalSection
	GlobalSection(ProjectConfigurationPlatforms) = postSolution
		{86EA0C30-AC5D-4955-9C6A-7304D5066F1C}.Debug|Any CPU.ActiveCfg = Debug|Any CPU
		{86EA0C30-AC5D-4955-9C6A-7304D5066F1C}.Debug|Any CPU.Build.0 = Debug|Any CPU
		{86EA0C30-AC5D-4955-9C6A-7304D5066F1C}.Debug|x64.ActiveCfg = Debug|x64
		{86EA0C30-AC5D-4955-9C6A-7304D5066F1C}.Debug|x64.Build.0 = Debug|x64
		{86EA0C30-AC5D-4955-9C6A-7304D5066F1C}.Debug|x86.ActiveCfg = Debug|x86
		{86EA0C30-AC5D-4955-9C6A-7304D5066F1C}.Debug|x86.Build.0 = Debug|x86
		{86EA0C30-AC5D-4955-9C6A-7304D5066F1C}.Release|Any CPU.ActiveCfg = Release|Any CPU
		{86EA0C30-AC5D-4955-9C6A-7304D5066F1C}.Release|Any CPU.Build.0 = Release|Any CPU
		{86EA0C30-AC5D-4955-9C6A-7304D5066F1C}.Release|x64.ActiveCfg = Release|x64
		{86EA0C30-AC5D-4955-9C6A-7304D5066F1C}.Release|x64.Build.0 = Release|x64
		{86EA0C30-AC5D-4955-9C6A-7304D5066F1C}.Release|x86.ActiveCfg = Release|x86
		{86EA0C30-AC5D-4955-9C6A-7304D5066F1C}.Release|x86.Build.0 = Release|x86
	EndGlobalSection
	GlobalSection(SolutionProperties) = preSolution
		HideSolutionNode = FALSE
	EndGlobalSection
EndGlobal
