
Microsoft Visual Studio Solution File, Format Version 11.00
# Visual Studio 2010
Project("{FAE04EC0-301F-11D3-BF4B-00C04F79EFBC}") = "3DNUS", "3DNUS.csproj", "{D1BD9C36-F580-44CA-AD3C-B8841E2C8A14}"
EndProject
Project("{FAE04EC0-301F-11D3-BF4B-00C04F79EFBC}") = "Translator", "..\Translator\Translator.csproj", "{3BE4DD62-8134-4D97-8348-59F7FD12650F}"
EndProject
Global
	GlobalSection(SolutionConfigurationPlatforms) = preSolution
		Debug|Any CPU = Debug|Any CPU
		Debug|x64 = Debug|x64
		Debug|x86 = Debug|x86
		Release|Any CPU = Release|Any CPU
		Release|x64 = Release|x64
		Release|x86 = Release|x86
		x32 Build|Any CPU = x32 Build|Any CPU
		x32 Build|x64 = x32 Build|x64
		x32 Build|x86 = x32 Build|x86
		x64 Build|Any CPU = x64 Build|Any CPU
		x64 Build|x64 = x64 Build|x64
		x64 Build|x86 = x64 Build|x86
	EndGlobalSection
	GlobalSection(ProjectConfigurationPlatforms) = postSolution
		{D1BD9C36-F580-44CA-AD3C-B8841E2C8A14}.Debug|Any CPU.ActiveCfg = Debug|Any CPU
		{D1BD9C36-F580-44CA-AD3C-B8841E2C8A14}.Debug|Any CPU.Build.0 = Debug|Any CPU
		{D1BD9C36-F580-44CA-AD3C-B8841E2C8A14}.Debug|x64.ActiveCfg = Debug|x64
		{D1BD9C36-F580-44CA-AD3C-B8841E2C8A14}.Debug|x64.Build.0 = Debug|x64
		{D1BD9C36-F580-44CA-AD3C-B8841E2C8A14}.Debug|x86.ActiveCfg = Debug|x86
		{D1BD9C36-F580-44CA-AD3C-B8841E2C8A14}.Debug|x86.Build.0 = Debug|x86
		{D1BD9C36-F580-44CA-AD3C-B8841E2C8A14}.Release|Any CPU.ActiveCfg = Release|Any CPU
		{D1BD9C36-F580-44CA-AD3C-B8841E2C8A14}.Release|Any CPU.Build.0 = Release|Any CPU
		{D1BD9C36-F580-44CA-AD3C-B8841E2C8A14}.Release|x64.ActiveCfg = Release|x64
		{D1BD9C36-F580-44CA-AD3C-B8841E2C8A14}.Release|x64.Build.0 = Release|x64
		{D1BD9C36-F580-44CA-AD3C-B8841E2C8A14}.Release|x86.ActiveCfg = Release|x86
		{D1BD9C36-F580-44CA-AD3C-B8841E2C8A14}.Release|x86.Build.0 = Release|x86
		{D1BD9C36-F580-44CA-AD3C-B8841E2C8A14}.x32 Build|Any CPU.ActiveCfg = x32 Build|Any CPU
		{D1BD9C36-F580-44CA-AD3C-B8841E2C8A14}.x32 Build|Any CPU.Build.0 = x32 Build|Any CPU
		{D1BD9C36-F580-44CA-AD3C-B8841E2C8A14}.x32 Build|x64.ActiveCfg = x32 Build|x86
		{D1BD9C36-F580-44CA-AD3C-B8841E2C8A14}.x32 Build|x64.Build.0 = x32 Build|x86
		{D1BD9C36-F580-44CA-AD3C-B8841E2C8A14}.x32 Build|x86.ActiveCfg = x32 Build|x86
		{D1BD9C36-F580-44CA-AD3C-B8841E2C8A14}.x32 Build|x86.Build.0 = x32 Build|x86
		{D1BD9C36-F580-44CA-AD3C-B8841E2C8A14}.x64 Build|Any CPU.ActiveCfg = x64 Build|Any CPU
		{D1BD9C36-F580-44CA-AD3C-B8841E2C8A14}.x64 Build|Any CPU.Build.0 = x64 Build|Any CPU
		{D1BD9C36-F580-44CA-AD3C-B8841E2C8A14}.x64 Build|x64.ActiveCfg = x64 Build|x64
		{D1BD9C36-F580-44CA-AD3C-B8841E2C8A14}.x64 Build|x64.Build.0 = x64 Build|x64
		{D1BD9C36-F580-44CA-AD3C-B8841E2C8A14}.x64 Build|x86.ActiveCfg = x64 Build|x86
		{D1BD9C36-F580-44CA-AD3C-B8841E2C8A14}.x64 Build|x86.Build.0 = x64 Build|x86
		{3BE4DD62-8134-4D97-8348-59F7FD12650F}.Debug|Any CPU.ActiveCfg = Debug|x86
		{3BE4DD62-8134-4D97-8348-59F7FD12650F}.Debug|x64.ActiveCfg = Debug|x86
		{3BE4DD62-8134-4D97-8348-59F7FD12650F}.Debug|x86.ActiveCfg = Debug|x86
		{3BE4DD62-8134-4D97-8348-59F7FD12650F}.Debug|x86.Build.0 = Debug|x86
		{3BE4DD62-8134-4D97-8348-59F7FD12650F}.Release|Any CPU.ActiveCfg = Release|x86
		{3BE4DD62-8134-4D97-8348-59F7FD12650F}.Release|x64.ActiveCfg = Release|x86
		{3BE4DD62-8134-4D97-8348-59F7FD12650F}.Release|x86.ActiveCfg = Release|x86
		{3BE4DD62-8134-4D97-8348-59F7FD12650F}.Release|x86.Build.0 = Release|x86
		{3BE4DD62-8134-4D97-8348-59F7FD12650F}.x32 Build|Any CPU.ActiveCfg = Release|x86
		{3BE4DD62-8134-4D97-8348-59F7FD12650F}.x32 Build|x64.ActiveCfg = Release|x86
		{3BE4DD62-8134-4D97-8348-59F7FD12650F}.x32 Build|x86.ActiveCfg = Release|x86
		{3BE4DD62-8134-4D97-8348-59F7FD12650F}.x32 Build|x86.Build.0 = Release|x86
		{3BE4DD62-8134-4D97-8348-59F7FD12650F}.x64 Build|Any CPU.ActiveCfg = Release|x86
		{3BE4DD62-8134-4D97-8348-59F7FD12650F}.x64 Build|x64.ActiveCfg = Release|x86
		{3BE4DD62-8134-4D97-8348-59F7FD12650F}.x64 Build|x86.ActiveCfg = Release|x86
		{3BE4DD62-8134-4D97-8348-59F7FD12650F}.x64 Build|x86.Build.0 = Release|x86
	EndGlobalSection
	GlobalSection(SolutionProperties) = preSolution
		HideSolutionNode = FALSE
	EndGlobalSection
EndGlobal
